
Microsoft Visual Studio Solution File, Format Version 12.00
# Visual Studio Version 17
VisualStudioVersion = 17.5.33516.290
MinimumVisualStudioVersion = 10.0.40219.1
Project("{FAE04EC0-301F-11D3-BF4B-00C04F79EFBC}") = "SNJGlobalAPI", "SNJGlobalAPI\SNJGlobalAPI.csproj", "{0FF31797-D5E7-4974-A418-5FE8B6329782}"
EndProject
Global
	GlobalSection(SolutionConfigurationPlatforms) = preSolution
		Debug|Any CPU = Debug|Any CPU
		Release|Any CPU = Release|Any CPU
	EndGlobalSection
	GlobalSection(ProjectConfigurationPlatforms) = postSolution
		{0FF31797-D5E7-4974-A418-5FE8B6329782}.Debug|Any CPU.ActiveCfg = Debug|Any CPU
		{0FF31797-D5E7-4974-A418-5FE8B6329782}.Debug|Any CPU.Build.0 = Debug|Any CPU
		{0FF31797-D5E7-4974-A418-5FE8B6329782}.Release|Any CPU.ActiveCfg = Release|Any CPU
		{0FF31797-D5E7-4974-A418-5FE8B6329782}.Release|Any CPU.Build.0 = Release|Any CPU
	EndGlobalSection
	GlobalSection(SolutionProperties) = preSolution
		HideSolutionNode = FALSE
	EndGlobalSection
	GlobalSection(ExtensibilityGlobals) = postSolution
		SolutionGuid = {C18FA4BD-167D-4308-A12E-2CBC699C92DE}
	EndGlobalSection
EndGlobal
